
Microsoft Visual Studio Solution File, Format Version 11.00
# Visual Studio 2010
Project("{FAE04EC0-301F-11D3-BF4B-00C04F79EFBC}") = "WindowsPhoneClient", "WindowsPhoneClient.csproj", "{4C2894A6-4221-4F43-ADE0-8F0301E70A54}"
EndProject
Global
	GlobalSection(SolutionConfigurationPlatforms) = preSolution
		Debug|Any CPU = Debug|Any CPU
		Release|Any CPU = Release|Any CPU
	EndGlobalSection
	GlobalSection(ProjectConfigurationPlatforms) = postSolution
		{4C2894A6-4221-4F43-ADE0-8F0301E70A54}.Debug|Any CPU.ActiveCfg = Debug|Any CPU
		{4C2894A6-4221-4F43-ADE0-8F0301E70A54}.Debug|Any CPU.Build.0 = Debug|Any CPU
		{4C2894A6-4221-4F43-ADE0-8F0301E70A54}.Debug|Any CPU.Deploy.0 = Debug|Any CPU
		{4C2894A6-4221-4F43-ADE0-8F0301E70A54}.Release|Any CPU.ActiveCfg = Release|Any CPU
		{4C2894A6-4221-4F43-ADE0-8F0301E70A54}.Release|Any CPU.Build.0 = Release|Any CPU
		{4C2894A6-4221-4F43-ADE0-8F0301E70A54}.Release|Any CPU.Deploy.0 = Release|Any CPU
	EndGlobalSection
	GlobalSection(SolutionProperties) = preSolution
		HideSolutionNode = FALSE
	EndGlobalSection
EndGlobal
